Microsoft Visual Studio Solution File, Format Version 11.00
# Visual Studio 2008

Project("{35248B15-09CF-6E06-0E82-6E93BD786DD1}") = "Blades", "Assembly-CSharp-firstpass.csproj", "{0B1DDA9F-37D7-00D1-6BBA-762F65044CF9}"
EndProject
Project("{35248B15-09CF-6E06-0E82-6E93BD786DD1}") = "Blades", "Assembly-CSharp.csproj", "{38E5AB59-DF24-18A6-18F4-557355086F33}"
EndProject
Project("{35248B15-09CF-6E06-0E82-6E93BD786DD1}") = "Blades", "Assembly-CSharp-Editor-firstpass.csproj", "{9A27CA3E-5377-2CC9-651A-6792F05CA822}"
EndProject
Project("{35248B15-09CF-6E06-0E82-6E93BD786DD1}") = "Blades", "Assembly-CSharp-Editor.csproj", "{F1570991-90BA-1EC6-BCD7-2B19D1318CC1}"
EndProject
Global
	GlobalSection(SolutionConfigurationPlatforms) = preSolution
		Debug|Any CPU = Debug|Any CPU
		Release|Any CPU = Release|Any CPU
	EndGlobalSection
	GlobalSection(ProjectConfigurationPlatforms) = postSolution
		{0B1DDA9F-37D7-00D1-6BBA-762F65044CF9}.Debug|Any CPU.ActiveCfg = Debug|Any CPU
		{0B1DDA9F-37D7-00D1-6BBA-762F65044CF9}.Debug|Any CPU.Build.0 = Debug|Any CPU
		{0B1DDA9F-37D7-00D1-6BBA-762F65044CF9}.Release|Any CPU.ActiveCfg = Release|Any CPU
		{0B1DDA9F-37D7-00D1-6BBA-762F65044CF9}.Release|Any CPU.Build.0 = Release|Any CPU
		{38E5AB59-DF24-18A6-18F4-557355086F33}.Debug|Any CPU.ActiveCfg = Debug|Any CPU
		{38E5AB59-DF24-18A6-18F4-557355086F33}.Debug|Any CPU.Build.0 = Debug|Any CPU
		{38E5AB59-DF24-18A6-18F4-557355086F33}.Release|Any CPU.ActiveCfg = Release|Any CPU
		{38E5AB59-DF24-18A6-18F4-557355086F33}.Release|Any CPU.Build.0 = Release|Any CPU
		{9A27CA3E-5377-2CC9-651A-6792F05CA822}.Debug|Any CPU.ActiveCfg = Debug|Any CPU
		{9A27CA3E-5377-2CC9-651A-6792F05CA822}.Debug|Any CPU.Build.0 = Debug|Any CPU
		{9A27CA3E-5377-2CC9-651A-6792F05CA822}.Release|Any CPU.ActiveCfg = Release|Any CPU
		{9A27CA3E-5377-2CC9-651A-6792F05CA822}.Release|Any CPU.Build.0 = Release|Any CPU
		{F1570991-90BA-1EC6-BCD7-2B19D1318CC1}.Debug|Any CPU.ActiveCfg = Debug|Any CPU
		{F1570991-90BA-1EC6-BCD7-2B19D1318CC1}.Debug|Any CPU.Build.0 = Debug|Any CPU
		{F1570991-90BA-1EC6-BCD7-2B19D1318CC1}.Release|Any CPU.ActiveCfg = Release|Any CPU
		{F1570991-90BA-1EC6-BCD7-2B19D1318CC1}.Release|Any CPU.Build.0 = Release|Any CPU
	EndGlobalSection
	GlobalSection(SolutionProperties) = preSolution
		HideSolutionNode = FALSE
	EndGlobalSection
	GlobalSection(MonoDevelopProperties) = preSolution
		StartupItem = Assembly-CSharp.csproj
	EndGlobalSection
EndGlobal
