
Microsoft Visual Studio Solution File, Format Version 12.00
# Visual Studio 2015
Project("{FAE04EC0-301F-11D3-BF4B-00C04F79EFBC}") = "BladeBeats.Plugins", "BladeBeats.Plugins.csproj", "{FE3F6D13-AB2A-F3EA-BEE5-2D989EF88C16}"
EndProject
Project("{FAE04EC0-301F-11D3-BF4B-00C04F79EFBC}") = "BladeBeats", "BladeBeats.csproj", "{7828580B-8B5E-86CD-C7FB-AB0D6842BAE9}"
EndProject
Project("{FAE04EC0-301F-11D3-BF4B-00C04F79EFBC}") = "BladeBeats.Editor.Plugins", "BladeBeats.Editor.Plugins.csproj", "{F25AFD3C-0CA5-E414-E7AD-3B674B2299B3}"
EndProject
Project("{FAE04EC0-301F-11D3-BF4B-00C04F79EFBC}") = "BladeBeats.Editor", "BladeBeats.Editor.csproj", "{C109E382-0599-1254-4ACB-3E19BC794E65}"
EndProject
Global
	GlobalSection(SolutionConfigurationPlatforms) = preSolution
		Debug|Any CPU = Debug|Any CPU
		Release|Any CPU = Release|Any CPU
	EndGlobalSection
	GlobalSection(ProjectConfigurationPlatforms) = postSolution
		{FE3F6D13-AB2A-F3EA-BEE5-2D989EF88C16}.Debug|Any CPU.ActiveCfg = Debug|Any CPU
		{FE3F6D13-AB2A-F3EA-BEE5-2D989EF88C16}.Debug|Any CPU.Build.0 = Debug|Any CPU
		{FE3F6D13-AB2A-F3EA-BEE5-2D989EF88C16}.Release|Any CPU.ActiveCfg = Release|Any CPU
		{FE3F6D13-AB2A-F3EA-BEE5-2D989EF88C16}.Release|Any CPU.Build.0 = Release|Any CPU
		{7828580B-8B5E-86CD-C7FB-AB0D6842BAE9}.Debug|Any CPU.ActiveCfg = Debug|Any CPU
		{7828580B-8B5E-86CD-C7FB-AB0D6842BAE9}.Debug|Any CPU.Build.0 = Debug|Any CPU
		{7828580B-8B5E-86CD-C7FB-AB0D6842BAE9}.Release|Any CPU.ActiveCfg = Release|Any CPU
		{7828580B-8B5E-86CD-C7FB-AB0D6842BAE9}.Release|Any CPU.Build.0 = Release|Any CPU
		{F25AFD3C-0CA5-E414-E7AD-3B674B2299B3}.Debug|Any CPU.ActiveCfg = Debug|Any CPU
		{F25AFD3C-0CA5-E414-E7AD-3B674B2299B3}.Debug|Any CPU.Build.0 = Debug|Any CPU
		{F25AFD3C-0CA5-E414-E7AD-3B674B2299B3}.Release|Any CPU.ActiveCfg = Release|Any CPU
		{F25AFD3C-0CA5-E414-E7AD-3B674B2299B3}.Release|Any CPU.Build.0 = Release|Any CPU
		{C109E382-0599-1254-4ACB-3E19BC794E65}.Debug|Any CPU.ActiveCfg = Debug|Any CPU
		{C109E382-0599-1254-4ACB-3E19BC794E65}.Debug|Any CPU.Build.0 = Debug|Any CPU
		{C109E382-0599-1254-4ACB-3E19BC794E65}.Release|Any CPU.ActiveCfg = Release|Any CPU
		{C109E382-0599-1254-4ACB-3E19BC794E65}.Release|Any CPU.Build.0 = Release|Any CPU
	EndGlobalSection
	GlobalSection(SolutionProperties) = preSolution
		HideSolutionNode = FALSE
	EndGlobalSection
EndGlobal
